// !$*UTF8*$!
{
	archiveVersion = 1;
	classes = {
	};
	objectVersion = 55;
	objects = {

/* Begin PBXBuildFile section */
		C41D8B09294393850024BAC8 /* AppDelegate.swift in Sources */ = {isa = PBXBuildFile; fileRef = C41D8B08294393850024BAC8 /* AppDelegate.swift */; };
		C41D8B0B294393850024BAC8 /* SceneDelegate.swift in Sources */ = {isa = PBXBuildFile; fileRef = C41D8B0A294393850024BAC8 /* SceneDelegate.swift */; };
		C41D8B0D294393850024BAC8 /* MainViewController.swift in Sources */ = {isa = PBXBuildFile; fileRef = C41D8B0C294393850024BAC8 /* MainViewController.swift */; };
		C41D8B12294393870024BAC8 /* Assets.xcassets in Resources */ = {isa = PBXBuildFile; fileRef = C41D8B11294393870024BAC8 /* Assets.xcassets */; };
		C41D8B15294393870024BAC8 /* LaunchScreen.storyboard in Resources */ = {isa = PBXBuildFile; fileRef = C41D8B13294393870024BAC8 /* LaunchScreen.storyboard */; };
		C41D8B1D29439BE70024BAC8 /* RocketView.swift in Sources */ = {isa = PBXBuildFile; fileRef = C41D8B1C29439BE70024BAC8 /* RocketView.swift */; };
		C41D8B24294900A20024BAC8 /* RocketInfoCell.swift in Sources */ = {isa = PBXBuildFile; fileRef = C41D8B23294900A20024BAC8 /* RocketInfoCell.swift */; };
		C425980C29784BE300AB1C1A /* RocketModel.swift in Sources */ = {isa = PBXBuildFile; fileRef = C425980B29784BE300AB1C1A /* RocketModel.swift */; };
		C425980F2978523B00AB1C1A /* NetworkRequest.swift in Sources */ = {isa = PBXBuildFile; fileRef = C425980E2978523B00AB1C1A /* NetworkRequest.swift */; };
		C4259811297D99BB00AB1C1A /* NetworkDataFetch.swift in Sources */ = {isa = PBXBuildFile; fileRef = C4259810297D99BB00AB1C1A /* NetworkDataFetch.swift */; };
		C426DAB5295F4C9B006F5AAE /* UI Colors + extentions.swift in Sources */ = {isa = PBXBuildFile; fileRef = C426DAB4295F4C9B006F5AAE /* UI Colors + extentions.swift */; };
		C492A1C6294A3E470027002E /* RocketInfoView.swift in Sources */ = {isa = PBXBuildFile; fileRef = C492A1C5294A3E470027002E /* RocketInfoView.swift */; };
		C492A1C8294F639A0027002E /* FirstStageView.swift in Sources */ = {isa = PBXBuildFile; fileRef = C492A1C7294F639A0027002E /* FirstStageView.swift */; };
		C492A1CA294F712A0027002E /* SecondStageView.swift in Sources */ = {isa = PBXBuildFile; fileRef = C492A1C9294F712A0027002E /* SecondStageView.swift */; };
		C492A1CC294F786F0027002E /* SettingsViewController.swift in Sources */ = {isa = PBXBuildFile; fileRef = C492A1CB294F786F0027002E /* SettingsViewController.swift */; };
		C492A1D029521A850027002E /* LaunchesViewController.swift in Sources */ = {isa = PBXBuildFile; fileRef = C492A1CF29521A850027002E /* LaunchesViewController.swift */; };
		C492A1D2295225320027002E /* LaunchesTableViewCell.swift in Sources */ = {isa = PBXBuildFile; fileRef = C492A1D1295225320027002E /* LaunchesTableViewCell.swift */; };
		C492A1D429522C650027002E /* LaunchesTableView.swift in Sources */ = {isa = PBXBuildFile; fileRef = C492A1D329522C650027002E /* LaunchesTableView.swift */; };
/* End PBXBuildFile section */

/* Begin PBXFileReference section */
		C41D8B05294393850024BAC8 /* SpaceX.app */ = {isa = PBXFileReference; explicitFileType = wrapper.application; includeInIndex = 0; path = SpaceX.app; sourceTree = BUILT_PRODUCTS_DIR; };
		C41D8B08294393850024BAC8 /* AppDelegate.swift */ = {isa = PBXFileReference; lastKnownFileType = sourcecode.swift; path = AppDelegate.swift; sourceTree = "<group>"; };
		C41D8B0A294393850024BAC8 /* SceneDelegate.swift */ = {isa = PBXFileReference; lastKnownFileType = sourcecode.swift; path = SceneDelegate.swift; sourceTree = "<group>"; };
		C41D8B0C294393850024BAC8 /* MainViewController.swift */ = {isa = PBXFileReference; lastKnownFileType = sourcecode.swift; path = MainViewController.swift; sourceTree = "<group>"; };
		C41D8B11294393870024BAC8 /* Assets.xcassets */ = {isa = PBXFileReference; lastKnownFileType = folder.assetcatalog; path = Assets.xcassets; sourceTree = "<group>"; };
		C41D8B14294393870024BAC8 /* Base */ = {isa = PBXFileReference; lastKnownFileType = file.storyboard; name = Base; path = Base.lproj/LaunchScreen.storyboard; sourceTree = "<group>"; };
		C41D8B16294393870024BAC8 /* Info.plist */ = {isa = PBXFileReference; lastKnownFileType = text.plist.xml; path = Info.plist; sourceTree = "<group>"; };
		C41D8B1C29439BE70024BAC8 /* RocketView.swift */ = {isa = PBXFileReference; lastKnownFileType = sourcecode.swift; path = RocketView.swift; sourceTree = "<group>"; };
		C41D8B23294900A20024BAC8 /* RocketInfoCell.swift */ = {isa = PBXFileReference; lastKnownFileType = sourcecode.swift; path = RocketInfoCell.swift; sourceTree = "<group>"; };
		C425980B29784BE300AB1C1A /* RocketModel.swift */ = {isa = PBXFileReference; lastKnownFileType = sourcecode.swift; path = RocketModel.swift; sourceTree = "<group>"; };
		C425980E2978523B00AB1C1A /* NetworkRequest.swift */ = {isa = PBXFileReference; lastKnownFileType = sourcecode.swift; path = NetworkRequest.swift; sourceTree = "<group>"; };
		C4259810297D99BB00AB1C1A /* NetworkDataFetch.swift */ = {isa = PBXFileReference; lastKnownFileType = sourcecode.swift; path = NetworkDataFetch.swift; sourceTree = "<group>"; };
		C426DAB4295F4C9B006F5AAE /* UI Colors + extentions.swift */ = {isa = PBXFileReference; lastKnownFileType = sourcecode.swift; path = "UI Colors + extentions.swift"; sourceTree = "<group>"; };
		C492A1C5294A3E470027002E /* RocketInfoView.swift */ = {isa = PBXFileReference; lastKnownFileType = sourcecode.swift; path = RocketInfoView.swift; sourceTree = "<group>"; };
		C492A1C7294F639A0027002E /* FirstStageView.swift */ = {isa = PBXFileReference; lastKnownFileType = sourcecode.swift; path = FirstStageView.swift; sourceTree = "<group>"; };
		C492A1C9294F712A0027002E /* SecondStageView.swift */ = {isa = PBXFileReference; lastKnownFileType = sourcecode.swift; path = SecondStageView.swift; sourceTree = "<group>"; };
		C492A1CB294F786F0027002E /* SettingsViewController.swift */ = {isa = PBXFileReference; lastKnownFileType = sourcecode.swift; path = SettingsViewController.swift; sourceTree = "<group>"; };
		C492A1CF29521A850027002E /* LaunchesViewController.swift */ = {isa = PBXFileReference; lastKnownFileType = sourcecode.swift; path = LaunchesViewController.swift; sourceTree = "<group>"; };
		C492A1D1295225320027002E /* LaunchesTableViewCell.swift */ = {isa = PBXFileReference; lastKnownFileType = sourcecode.swift; path = LaunchesTableViewCell.swift; sourceTree = "<group>"; };
		C492A1D329522C650027002E /* LaunchesTableView.swift */ = {isa = PBXFileReference; lastKnownFileType = sourcecode.swift; path = LaunchesTableView.swift; sourceTree = "<group>"; };
/* End PBXFileReference section */

/* Begin PBXFrameworksBuildPhase section */
		C41D8B02294393850024BAC8 /* Frameworks */ = {
			isa = PBXFrameworksBuildPhase;
			buildActionMask = 2147483647;
			files = (
			);
			runOnlyForDeploymentPostprocessing = 0;
		};
/* End PBXFrameworksBuildPhase section */

/* Begin PBXGroup section */
		C41D8AFC294393850024BAC8 = {
			isa = PBXGroup;
			children = (
				C41D8B07294393850024BAC8 /* SpaceX */,
				C41D8B06294393850024BAC8 /* Products */,
			);
			sourceTree = "<group>";
		};
		C41D8B06294393850024BAC8 /* Products */ = {
			isa = PBXGroup;
			children = (
				C41D8B05294393850024BAC8 /* SpaceX.app */,
			);
			name = Products;
			sourceTree = "<group>";
		};
		C41D8B07294393850024BAC8 /* SpaceX */ = {
			isa = PBXGroup;
			children = (
				C41D8B1E2948E9180024BAC8 /* Application */,
				C41D8B1F2948E9440024BAC8 /* Main module */,
				C492A1CD2952199C0027002E /* Settings module */,
				C492A1CE29521A370027002E /* Launches module */,
				C426DAB2295F4C5D006F5AAE /* Extentions */,
				C425980D2978519100AB1C1A /* Network */,
				C41D8B11294393870024BAC8 /* Assets.xcassets */,
				C41D8B13294393870024BAC8 /* LaunchScreen.storyboard */,
				C41D8B16294393870024BAC8 /* Info.plist */,
			);
			path = SpaceX;
			sourceTree = "<group>";
		};
		C41D8B1E2948E9180024BAC8 /* Application */ = {
			isa = PBXGroup;
			children = (
				C41D8B0A294393850024BAC8 /* SceneDelegate.swift */,
				C41D8B08294393850024BAC8 /* AppDelegate.swift */,
			);
			path = Application;
			sourceTree = "<group>";
		};
		C41D8B1F2948E9440024BAC8 /* Main module */ = {
			isa = PBXGroup;
			children = (
				C425980A29784BC000AB1C1A /* Models */,
				C41D8B212948E99E0024BAC8 /* Views */,
				C41D8B202948E9920024BAC8 /* Controllers */,
			);
			path = "Main module";
			sourceTree = "<group>";
		};
		C41D8B202948E9920024BAC8 /* Controllers */ = {
			isa = PBXGroup;
			children = (
				C41D8B0C294393850024BAC8 /* MainViewController.swift */,
			);
			path = Controllers;
			sourceTree = "<group>";
		};
		C41D8B212948E99E0024BAC8 /* Views */ = {
			isa = PBXGroup;
			children = (
				C48140C02971D88100EEFE90 /* FalconHeavy */,
				C48140C12971D8BE00EEFE90 /* Rocket2 */,
				C48140C22971D8D300EEFE90 /* Rocket3 */,
			);
			path = Views;
			sourceTree = "<group>";
		};
		C41D8B22294900140024BAC8 /* SubViews */ = {
			isa = PBXGroup;
			children = (
				C41D8B23294900A20024BAC8 /* RocketInfoCell.swift */,
				C492A1C7294F639A0027002E /* FirstStageView.swift */,
				C492A1C9294F712A0027002E /* SecondStageView.swift */,
			);
			path = SubViews;
			sourceTree = "<group>";
		};
		C425980A29784BC000AB1C1A /* Models */ = {
			isa = PBXGroup;
			children = (
				C425980B29784BE300AB1C1A /* RocketModel.swift */,
			);
			path = Models;
			sourceTree = "<group>";
		};
		C425980D2978519100AB1C1A /* Network */ = {
			isa = PBXGroup;
			children = (
				C425980E2978523B00AB1C1A /* NetworkRequest.swift */,
				C4259810297D99BB00AB1C1A /* NetworkDataFetch.swift */,
			);
			path = Network;
			sourceTree = "<group>";
		};
		C426DAB2295F4C5D006F5AAE /* Extentions */ = {
			isa = PBXGroup;
			children = (
				C426DAB3295F4C6A006F5AAE /* UI Kit */,
			);
			path = Extentions;
			sourceTree = "<group>";
		};
		C426DAB3295F4C6A006F5AAE /* UI Kit */ = {
			isa = PBXGroup;
			children = (
				C426DAB4295F4C9B006F5AAE /* UI Colors + extentions.swift */,
			);
			path = "UI Kit";
			sourceTree = "<group>";
		};
		C48140C02971D88100EEFE90 /* FalconHeavy */ = {
			isa = PBXGroup;
			children = (
				C41D8B22294900140024BAC8 /* SubViews */,
				C41D8B1C29439BE70024BAC8 /* RocketView.swift */,
				C492A1C5294A3E470027002E /* RocketInfoView.swift */,
			);
			path = FalconHeavy;
			sourceTree = "<group>";
		};
		C48140C12971D8BE00EEFE90 /* Rocket2 */ = {
			isa = PBXGroup;
			children = (
			);
			path = Rocket2;
			sourceTree = "<group>";
		};
		C48140C22971D8D300EEFE90 /* Rocket3 */ = {
			isa = PBXGroup;
			children = (
			);
			path = Rocket3;
			sourceTree = "<group>";
		};
		C492A1CD2952199C0027002E /* Settings module */ = {
			isa = PBXGroup;
			children = (
				C492A1CB294F786F0027002E /* SettingsViewController.swift */,
			);
			path = "Settings module";
			sourceTree = "<group>";
		};
		C492A1CE29521A370027002E /* Launches module */ = {
			isa = PBXGroup;
			children = (
				C492A1CF29521A850027002E /* LaunchesViewController.swift */,
				C492A1D1295225320027002E /* LaunchesTableViewCell.swift */,
				C492A1D329522C650027002E /* LaunchesTableView.swift */,
			);
			path = "Launches module";
			sourceTree = "<group>";
		};
/* End PBXGroup section */

/* Begin PBXNativeTarget section */
		C41D8B04294393850024BAC8 /* SpaceX */ = {
			isa = PBXNativeTarget;
			buildConfigurationList = C41D8B19294393870024BAC8 /* Build configuration list for PBXNativeTarget "SpaceX" */;
			buildPhases = (
				C41D8B01294393850024BAC8 /* Sources */,
				C41D8B02294393850024BAC8 /* Frameworks */,
				C41D8B03294393850024BAC8 /* Resources */,
			);
			buildRules = (
			);
			dependencies = (
			);
			name = SpaceX;
			productName = SpaceX;
			productReference = C41D8B05294393850024BAC8 /* SpaceX.app */;
			productType = "com.apple.product-type.application";
		};
/* End PBXNativeTarget section */

/* Begin PBXProject section */
		C41D8AFD294393850024BAC8 /* Project object */ = {
			isa = PBXProject;
			attributes = {
				BuildIndependentTargetsInParallel = 1;
				LastSwiftUpdateCheck = 1320;
				LastUpgradeCheck = 1320;
				TargetAttributes = {
					C41D8B04294393850024BAC8 = {
						CreatedOnToolsVersion = 13.2.1;
					};
				};
			};
			buildConfigurationList = C41D8B00294393850024BAC8 /* Build configuration list for PBXProject "SpaceX" */;
			compatibilityVersion = "Xcode 13.0";
			developmentRegion = en;
			hasScannedForEncodings = 0;
			knownRegions = (
				en,
				Base,
			);
			mainGroup = C41D8AFC294393850024BAC8;
			productRefGroup = C41D8B06294393850024BAC8 /* Products */;
			projectDirPath = "";
			projectRoot = "";
			targets = (
				C41D8B04294393850024BAC8 /* SpaceX */,
			);
		};
/* End PBXProject section */

/* Begin PBXResourcesBuildPhase section */
		C41D8B03294393850024BAC8 /* Resources */ = {
			isa = PBXResourcesBuildPhase;
			buildActionMask = 2147483647;
			files = (
				C41D8B15294393870024BAC8 /* LaunchScreen.storyboard in Resources */,
				C41D8B12294393870024BAC8 /* Assets.xcassets in Resources */,
			);
			runOnlyForDeploymentPostprocessing = 0;
		};
/* End PBXResourcesBuildPhase section */

/* Begin PBXSourcesBuildPhase section */
		C41D8B01294393850024BAC8 /* Sources */ = {
			isa = PBXSourcesBuildPhase;
			buildActionMask = 2147483647;
			files = (
				C492A1CC294F786F0027002E /* SettingsViewController.swift in Sources */,
				C492A1C6294A3E470027002E /* RocketInfoView.swift in Sources */,
				C426DAB5295F4C9B006F5AAE /* UI Colors + extentions.swift in Sources */,
				C41D8B24294900A20024BAC8 /* RocketInfoCell.swift in Sources */,
				C425980F2978523B00AB1C1A /* NetworkRequest.swift in Sources */,
				C41D8B0D294393850024BAC8 /* MainViewController.swift in Sources */,
				C492A1D429522C650027002E /* LaunchesTableView.swift in Sources */,
				C492A1CA294F712A0027002E /* SecondStageView.swift in Sources */,
				C425980C29784BE300AB1C1A /* RocketModel.swift in Sources */,
				C492A1C8294F639A0027002E /* FirstStageView.swift in Sources */,
				C492A1D2295225320027002E /* LaunchesTableViewCell.swift in Sources */,
				C41D8B09294393850024BAC8 /* AppDelegate.swift in Sources */,
				C492A1D029521A850027002E /* LaunchesViewController.swift in Sources */,
				C41D8B0B294393850024BAC8 /* SceneDelegate.swift in Sources */,
				C41D8B1D29439BE70024BAC8 /* RocketView.swift in Sources */,
				C4259811297D99BB00AB1C1A /* NetworkDataFetch.swift in Sources */,
			);
			runOnlyForDeploymentPostprocessing = 0;
		};
/* End PBXSourcesBuildPhase section */

/* Begin PBXVariantGroup section */
		C41D8B13294393870024BAC8 /* LaunchScreen.storyboard */ = {
			isa = PBXVariantGroup;
			children = (
				C41D8B14294393870024BAC8 /* Base */,
			);
			name = LaunchScreen.storyboard;
			sourceTree = "<group>";
		};
/* End PBXVariantGroup section */

/* Begin XCBuildConfiguration section */
		C41D8B17294393870024BAC8 /* Debug */ = {
			isa = XCBuildConfiguration;
			buildSettings = {
				ALWAYS_SEARCH_USER_PATHS = NO;
				CLANG_ANALYZER_NONNULL = YES;
				CLANG_ANALYZER_NUMBER_OBJECT_CONVERSION = YES_AGGRESSIVE;
				CLANG_CXX_LANGUAGE_STANDARD = "gnu++17";
				CLANG_CXX_LIBRARY = "libc++";
				CLANG_ENABLE_MODULES = YES;
				CLANG_ENABLE_OBJC_ARC = YES;
				CLANG_ENABLE_OBJC_WEAK = YES;
				CLANG_WARN_BLOCK_CAPTURE_AUTORELEASING = YES;
				CLANG_WARN_BOOL_CONVERSION = YES;
				CLANG_WARN_COMMA = YES;
				CLANG_WARN_CONSTANT_CONVERSION = YES;
				CLANG_WARN_DEPRECATED_OBJC_IMPLEMENTATIONS = YES;
				CLANG_WARN_DIRECT_OBJC_ISA_USAGE = YES_ERROR;
				CLANG_WARN_DOCUMENTATION_COMMENTS = YES;
				CLANG_WARN_EMPTY_BODY = YES;
				CLANG_WARN_ENUM_CONVERSION = YES;
				CLANG_WARN_INFINITE_RECURSION = YES;
				CLANG_WARN_INT_CONVERSION = YES;
				CLANG_WARN_NON_LITERAL_NULL_CONVERSION = YES;
				CLANG_WARN_OBJC_IMPLICIT_RETAIN_SELF = YES;
				CLANG_WARN_OBJC_LITERAL_CONVERSION = YES;
				CLANG_WARN_OBJC_ROOT_CLASS = YES_ERROR;
				CLANG_WARN_QUOTED_INCLUDE_IN_FRAMEWORK_HEADER = YES;
				CLANG_WARN_RANGE_LOOP_ANALYSIS = YES;
				CLANG_WARN_STRICT_PROTOTYPES = YES;
				CLANG_WARN_SUSPICIOUS_MOVE = YES;
				CLANG_WARN_UNGUARDED_AVAILABILITY = YES_AGGRESSIVE;
				CLANG_WARN_UNREACHABLE_CODE = YES;
				CLANG_WARN__DUPLICATE_METHOD_MATCH = YES;
				COPY_PHASE_STRIP = NO;
				DEBUG_INFORMATION_FORMAT = dwarf;
				ENABLE_STRICT_OBJC_MSGSEND = YES;
				ENABLE_TESTABILITY = YES;
				GCC_C_LANGUAGE_STANDARD = gnu11;
				GCC_DYNAMIC_NO_PIC = NO;
				GCC_NO_COMMON_BLOCKS = YES;
				GCC_OPTIMIZATION_LEVEL = 0;
				GCC_PREPROCESSOR_DEFINITIONS = (
					"DEBUG=1",
					"$(inherited)",
				);
				GCC_WARN_64_TO_32_BIT_CONVERSION = YES;
				GCC_WARN_ABOUT_RETURN_TYPE = YES_ERROR;
				GCC_WARN_UNDECLARED_SELECTOR = YES;
				GCC_WARN_UNINITIALIZED_AUTOS = YES_AGGRESSIVE;
				GCC_WARN_UNUSED_FUNCTION = YES;
				GCC_WARN_UNUSED_VARIABLE = YES;
				IPHONEOS_DEPLOYMENT_TARGET = 15.2;
				MTL_ENABLE_DEBUG_INFO = INCLUDE_SOURCE;
				MTL_FAST_MATH = YES;
				ONLY_ACTIVE_ARCH = YES;
				SDKROOT = iphoneos;
				SWIFT_ACTIVE_COMPILATION_CONDITIONS = DEBUG;
				SWIFT_OPTIMIZATION_LEVEL = "-Onone";
			};
			name = Debug;
		};
		C41D8B18294393870024BAC8 /* Release */ = {
			isa = XCBuildConfiguration;
			buildSettings = {
				ALWAYS_SEARCH_USER_PATHS = NO;
				CLANG_ANALYZER_NONNULL = YES;
				CLANG_ANALYZER_NUMBER_OBJECT_CONVERSION = YES_AGGRESSIVE;
				CLANG_CXX_LANGUAGE_STANDARD = "gnu++17";
				CLANG_CXX_LIBRARY = "libc++";
				CLANG_ENABLE_MODULES = YES;
				CLANG_ENABLE_OBJC_ARC = YES;
				CLANG_ENABLE_OBJC_WEAK = YES;
				CLANG_WARN_BLOCK_CAPTURE_AUTORELEASING = YES;
				CLANG_WARN_BOOL_CONVERSION = YES;
				CLANG_WARN_COMMA = YES;
				CLANG_WARN_CONSTANT_CONVERSION = YES;
				CLANG_WARN_DEPRECATED_OBJC_IMPLEMENTATIONS = YES;
				CLANG_WARN_DIRECT_OBJC_ISA_USAGE = YES_ERROR;
				CLANG_WARN_DOCUMENTATION_COMMENTS = YES;
				CLANG_WARN_EMPTY_BODY = YES;
				CLANG_WARN_ENUM_CONVERSION = YES;
				CLANG_WARN_INFINITE_RECURSION = YES;
				CLANG_WARN_INT_CONVERSION = YES;
				CLANG_WARN_NON_LITERAL_NULL_CONVERSION = YES;
				CLANG_WARN_OBJC_IMPLICIT_RETAIN_SELF = YES;
				CLANG_WARN_OBJC_LITERAL_CONVERSION = YES;
				CLANG_WARN_OBJC_ROOT_CLASS = YES_ERROR;
				CLANG_WARN_QUOTED_INCLUDE_IN_FRAMEWORK_HEADER = YES;
				CLANG_WARN_RANGE_LOOP_ANALYSIS = YES;
				CLANG_WARN_STRICT_PROTOTYPES = YES;
				CLANG_WARN_SUSPICIOUS_MOVE = YES;
				CLANG_WARN_UNGUARDED_AVAILABILITY = YES_AGGRESSIVE;
				CLANG_WARN_UNREACHABLE_CODE = YES;
				CLANG_WARN__DUPLICATE_METHOD_MATCH = YES;
				COPY_PHASE_STRIP = NO;
				DEBUG_INFORMATION_FORMAT = "dwarf-with-dsym";
				ENABLE_NS_ASSERTIONS = NO;
				ENABLE_STRICT_OBJC_MSGSEND = YES;
				GCC_C_LANGUAGE_STANDARD = gnu11;
				GCC_NO_COMMON_BLOCKS = YES;
				GCC_WARN_64_TO_32_BIT_CONVERSION = YES;
				GCC_WARN_ABOUT_RETURN_TYPE = YES_ERROR;
				GCC_WARN_UNDECLARED_SELECTOR = YES;
				GCC_WARN_UNINITIALIZED_AUTOS = YES_AGGRESSIVE;
				GCC_WARN_UNUSED_FUNCTION = YES;
				GCC_WARN_UNUSED_VARIABLE = YES;
				IPHONEOS_DEPLOYMENT_TARGET = 15.2;
				MTL_ENABLE_DEBUG_INFO = NO;
				MTL_FAST_MATH = YES;
				SDKROOT = iphoneos;
				SWIFT_COMPILATION_MODE = wholemodule;
				SWIFT_OPTIMIZATION_LEVEL = "-O";
				VALIDATE_PRODUCT = YES;
			};
			name = Release;
		};
		C41D8B1A294393870024BAC8 /* Debug */ = {
			isa = XCBuildConfiguration;
			buildSettings = {
				ASSETCATALOG_COMPILER_APPICON_NAME = AppIcon;
				ASSETCATALOG_COMPILER_GLOBAL_ACCENT_COLOR_NAME = AccentColor;
				CODE_SIGN_STYLE = Automatic;
				CURRENT_PROJECT_VERSION = 1;
				DEVELOPMENT_TEAM = 34Q7SMW5N8;
				GENERATE_INFOPLIST_FILE = YES;
				INFOPLIST_FILE = SpaceX/Info.plist;
				INFOPLIST_KEY_UIApplicationSupportsIndirectInputEvents = YES;
				INFOPLIST_KEY_UILaunchStoryboardName = LaunchScreen;
				INFOPLIST_KEY_UISupportedInterfaceOrientations_iPad = "UIInterfaceOrientationPortrait UIInterfaceOrientationPortraitUpsideDown UIInterfaceOrientationLandscapeLeft UIInterfaceOrientationLandscapeRight";
				INFOPLIST_KEY_UISupportedInterfaceOrientations_iPhone = "UIInterfaceOrientationPortrait UIInterfaceOrientationLandscapeLeft UIInterfaceOrientationLandscapeRight";
				LD_RUNPATH_SEARCH_PATHS = (
					"$(inherited)",
					"@executable_path/Frameworks",
				);
				MARKETING_VERSION = 1.0;
				PRODUCT_BUNDLE_IDENTIFIER = YP.SpaceX;
				PRODUCT_NAME = "$(TARGET_NAME)";
				SWIFT_EMIT_LOC_STRINGS = YES;
				SWIFT_VERSION = 5.0;
				TARGETED_DEVICE_FAMILY = 1;
			};
			name = Debug;
		};
		C41D8B1B294393870024BAC8 /* Release */ = {
			isa = XCBuildConfiguration;
			buildSettings = {
				ASSETCATALOG_COMPILER_APPICON_NAME = AppIcon;
				ASSETCATALOG_COMPILER_GLOBAL_ACCENT_COLOR_NAME = AccentColor;
				CODE_SIGN_STYLE = Automatic;
				CURRENT_PROJECT_VERSION = 1;
				DEVELOPMENT_TEAM = 34Q7SMW5N8;
				GENERATE_INFOPLIST_FILE = YES;
				INFOPLIST_FILE = SpaceX/Info.plist;
				INFOPLIST_KEY_UIApplicationSupportsIndirectInputEvents = YES;
				INFOPLIST_KEY_UILaunchStoryboardName = LaunchScreen;
				INFOPLIST_KEY_UISupportedInterfaceOrientations_iPad = "UIInterfaceOrientationPortrait UIInterfaceOrientationPortraitUpsideDown UIInterfaceOrientationLandscapeLeft UIInterfaceOrientationLandscapeRight";
				INFOPLIST_KEY_UISupportedInterfaceOrientations_iPhone = "UIInterfaceOrientationPortrait UIInterfaceOrientationLandscapeLeft UIInterfaceOrientationLandscapeRight";
				LD_RUNPATH_SEARCH_PATHS = (
					"$(inherited)",
					"@executable_path/Frameworks",
				);
				MARKETING_VERSION = 1.0;
				PRODUCT_BUNDLE_IDENTIFIER = YP.SpaceX;
				PRODUCT_NAME = "$(TARGET_NAME)";
				SWIFT_EMIT_LOC_STRINGS = YES;
				SWIFT_VERSION = 5.0;
				TARGETED_DEVICE_FAMILY = 1;
			};
			name = Release;
		};
/* End XCBuildConfiguration section */

/* Begin XCConfigurationList section */
		C41D8B00294393850024BAC8 /* Build configuration list for PBXProject "SpaceX" */ = {
			isa = XCConfigurationList;
			buildConfigurations = (
				C41D8B17294393870024BAC8 /* Debug */,
				C41D8B18294393870024BAC8 /* Release */,
			);
			defaultConfigurationIsVisible = 0;
			defaultConfigurationName = Release;
		};
		C41D8B19294393870024BAC8 /* Build configuration list for PBXNativeTarget "SpaceX" */ = {
			isa = XCConfigurationList;
			buildConfigurations = (
				C41D8B1A294393870024BAC8 /* Debug */,
				C41D8B1B294393870024BAC8 /* Release */,
			);
			defaultConfigurationIsVisible = 0;
			defaultConfigurationName = Release;
		};
/* End XCConfigurationList section */
	};
	rootObject = C41D8AFD294393850024BAC8 /* Project object */;
}
